
Microsoft Visual Studio Solution File, Format Version 12.00
# Visual Studio Version 17
VisualStudioVersion = 17.0.31903.59
MinimumVisualStudioVersion = 10.0.40219.1
Project("{8BC9CEB8-8B4A-11D0-8D11-00A0C91BC942}") = "greedy_cpp", "greedy_cpp\greedy_cpp.vcxproj", "{6067F7BA-9146-44A8-B51D-5AE402FB7807}"
EndProject
Global
	GlobalSection(SolutionConfigurationPlatforms) = preSolution
		Debug|x64 = Debug|x64
		Debug|x86 = Debug|x86
		Release|x64 = Release|x64
		Release|x86 = Release|x86
	EndGlobalSection
	GlobalSection(ProjectConfigurationPlatforms) = postSolution
		{6067F7BA-9146-44A8-B51D-5AE402FB7807}.Debug|x64.ActiveCfg = Debug|x64
		{6067F7BA-9146-44A8-B51D-5AE402FB7807}.Debug|x64.Build.0 = Debug|x64
		{6067F7BA-9146-44A8-B51D-5AE402FB7807}.Debug|x86.ActiveCfg = Debug|Win32
		{6067F7BA-9146-44A8-B51D-5AE402FB7807}.Debug|x86.Build.0 = Debug|Win32
		{6067F7BA-9146-44A8-B51D-5AE402FB7807}.Release|x64.ActiveCfg = Release|x64
		{6067F7BA-9146-44A8-B51D-5AE402FB7807}.Release|x64.Build.0 = Release|x64
		{6067F7BA-9146-44A8-B51D-5AE402FB7807}.Release|x86.ActiveCfg = Release|Win32
		{6067F7BA-9146-44A8-B51D-5AE402FB7807}.Release|x86.Build.0 = Release|Win32
	EndGlobalSection
	GlobalSection(SolutionProperties) = preSolution
		HideSolutionNode = FALSE
	EndGlobalSection
	GlobalSection(ExtensibilityGlobals) = postSolution
		SolutionGuid = {F5CC0119-C5CA-4E92-A395-C8AE2E8DE988}
	EndGlobalSection
EndGlobal
